{
  "originHash" : "964e5538e5fb04948c6b8b8971935c08fecedbe6c8305c8f0e6eaa45b3cbf890",
  "pins" : [
    {
      "identity" : "ffaudioplayer",
      "kind" : "remoteSourceControl",
      "location" : "https://github.com/SokoloffA/FFAudioPlayer",
      "state" : {
        "branch" : "main",
        "revision" : "ca8fd00fa8922c86b09ec559d5b34ea5b9df0d01"
      }
    },
    {
      "identity" : "sparkle",
      "kind" : "remoteSourceControl",
      "location" : "https://github.com/sparkle-project/Sparkle",
      "state" : {
        "branch" : "2.x",
        "revision" : "983d19580b75feb5166254ea4b16df9b0ea49e8c"
      }
    }
  ],
  "version" : 3
}
