{
  "pins" : [
    {
      "identity" : "sparkle",
      "kind" : "remoteSourceControl",
      "location" : "https://github.com/sparkle-project/Sparkle",
      "state" : {
        "branch" : "2.x",
        "revision" : "983d19580b75feb5166254ea4b16df9b0ea49e8c"
      }
    },
    {
      "identity" : "uikitplus",
      "kind" : "remoteSourceControl",
      "location" : "https://github.com/MihaelIsaev/UIKitPlus",
      "state" : {
        "revision" : "daa5ffa9219ce8cbc7e8ed01abd6c1aa440a24e7",
        "version" : "2.1.4"
      }
    }
  ],
  "version" : 2
}
