// !$*UTF8*$!
{
	archiveVersion = 1;
	classes = {
	};
	objectVersion = 54;
	objects = {

/* Begin PBXBuildFile section */
		392C469B2A6C21BD0095DDA2 /* MediaKeysController.swift in Sources */ = {isa = PBXBuildFile; fileRef = 392C469A2A6C21BD0095DDA2 /* MediaKeysController.swift */; };
		394A27312B1CE114008DBFB1 /* SearchView.swift in Sources */ = {isa = PBXBuildFile; fileRef = 394A27302B1CE114008DBFB1 /* SearchView.swift */; };
		394A27332B1CE131008DBFB1 /* AppState.swift in Sources */ = {isa = PBXBuildFile; fileRef = 394A27322B1CE131008DBFB1 /* AppState.swift */; };
		394A27372B1CE16E008DBFB1 /* RadiolaApp.swift in Sources */ = {isa = PBXBuildFile; fileRef = 394A27362B1CE16E008DBFB1 /* RadiolaApp.swift */; };
		394A273A2B1CE197008DBFB1 /* RadioBrowserProvider.swift in Sources */ = {isa = PBXBuildFile; fileRef = 394A27392B1CE197008DBFB1 /* RadioBrowserProvider.swift */; };
		394A273C2B1CE19B008DBFB1 /* Stations.swift in Sources */ = {isa = PBXBuildFile; fileRef = 394A273B2B1CE19B008DBFB1 /* Stations.swift */; };
		394A273F2B1CE2F5008DBFB1 /* InternetStationView.swift in Sources */ = {isa = PBXBuildFile; fileRef = 394A273E2B1CE2F5008DBFB1 /* InternetStationView.swift */; };
		394A27412B1CE2FA008DBFB1 /* MainWindow.swift in Sources */ = {isa = PBXBuildFile; fileRef = 394A27402B1CE2FA008DBFB1 /* MainWindow.swift */; };
		394A27432B1CE2FF008DBFB1 /* RowViews.swift in Sources */ = {isa = PBXBuildFile; fileRef = 394A27422B1CE2FF008DBFB1 /* RowViews.swift */; };
		394A27452B1CE304008DBFB1 /* SidebarView.swift in Sources */ = {isa = PBXBuildFile; fileRef = 394A27442B1CE304008DBFB1 /* SidebarView.swift */; };
		394A27472B1CE309008DBFB1 /* Toolbar.swift in Sources */ = {isa = PBXBuildFile; fileRef = 394A27462B1CE309008DBFB1 /* Toolbar.swift */; };
		394ABCA72A9BBD4E00E2B6E9 /* RadioBrowserTags.swift in Sources */ = {isa = PBXBuildFile; fileRef = 394ABCA62A9BBD4E00E2B6E9 /* RadioBrowserTags.swift */; };
		394ABCA92A9CA1F800E2B6E9 /* RadioBrowser.swift in Sources */ = {isa = PBXBuildFile; fileRef = 394ABCA82A9CA1F800E2B6E9 /* RadioBrowser.swift */; };
		394ABCAB2A9CA25500E2B6E9 /* RadioBrowserStations.swift in Sources */ = {isa = PBXBuildFile; fileRef = 394ABCAA2A9CA25500E2B6E9 /* RadioBrowserStations.swift */; };
		394F8A3C28739339005EA7FA /* AppDelegate.swift in Sources */ = {isa = PBXBuildFile; fileRef = 394F8A3B28739339005EA7FA /* AppDelegate.swift */; };
		394F8A3F28739339005EA7FA /* Radiola.xcdatamodeld in Sources */ = {isa = PBXBuildFile; fileRef = 394F8A3D28739339005EA7FA /* Radiola.xcdatamodeld */; };
		394F8A412873933A005EA7FA /* Assets.xcassets in Resources */ = {isa = PBXBuildFile; fileRef = 394F8A402873933A005EA7FA /* Assets.xcassets */; };
		394F8A442873933A005EA7FA /* MainMenu.xib in Resources */ = {isa = PBXBuildFile; fileRef = 394F8A422873933A005EA7FA /* MainMenu.xib */; };
		394F8A57287394F1005EA7FA /* Notifications.swift in Sources */ = {isa = PBXBuildFile; fileRef = 394F8A56287394F1005EA7FA /* Notifications.swift */; };
		394F8A59287394FD005EA7FA /* Player.swift in Sources */ = {isa = PBXBuildFile; fileRef = 394F8A58287394FD005EA7FA /* Player.swift */; };
		396704692943AD2700012FFD /* AudioDevice.swift in Sources */ = {isa = PBXBuildFile; fileRef = 396704682943AD2700012FFD /* AudioDevice.swift */; };
		39D79E632933BEAB00210D94 /* Settings.swift in Sources */ = {isa = PBXBuildFile; fileRef = 39D79E622933BEAB00210D94 /* Settings.swift */; };
		39E70DE62AD9E1CA00BF3059 /* RadioBrowserServer.swift in Sources */ = {isa = PBXBuildFile; fileRef = 39E70DE52AD9E1CA00BF3059 /* RadioBrowserServer.swift */; };
		39E8DFD5288F316A00082467 /* Sparkle in Frameworks */ = {isa = PBXBuildFile; productRef = 39E8DFD4288F316A00082467 /* Sparkle */; };
		39E8DFD72890839500082467 /* Updater.swift in Sources */ = {isa = PBXBuildFile; fileRef = 39E8DFD62890839500082467 /* Updater.swift */; };
		39F08E462A0CC582006B65D0 /* Types.swift in Sources */ = {isa = PBXBuildFile; fileRef = 39F08E452A0CC582006B65D0 /* Types.swift */; };
/* End PBXBuildFile section */

/* Begin PBXFileReference section */
		392C469A2A6C21BD0095DDA2 /* MediaKeysController.swift */ = {isa = PBXFileReference; lastKnownFileType = sourcecode.swift; path = MediaKeysController.swift; sourceTree = "<group>"; };
		394A27302B1CE114008DBFB1 /* SearchView.swift */ = {isa = PBXFileReference; fileEncoding = 4; lastKnownFileType = sourcecode.swift; path = SearchView.swift; sourceTree = "<group>"; };
		394A27322B1CE131008DBFB1 /* AppState.swift */ = {isa = PBXFileReference; fileEncoding = 4; lastKnownFileType = sourcecode.swift; path = AppState.swift; sourceTree = "<group>"; };
		394A27362B1CE16E008DBFB1 /* RadiolaApp.swift */ = {isa = PBXFileReference; fileEncoding = 4; lastKnownFileType = sourcecode.swift; path = RadiolaApp.swift; sourceTree = "<group>"; };
		394A27392B1CE197008DBFB1 /* RadioBrowserProvider.swift */ = {isa = PBXFileReference; fileEncoding = 4; lastKnownFileType = sourcecode.swift; path = RadioBrowserProvider.swift; sourceTree = "<group>"; };
		394A273B2B1CE19B008DBFB1 /* Stations.swift */ = {isa = PBXFileReference; fileEncoding = 4; lastKnownFileType = sourcecode.swift; path = Stations.swift; sourceTree = "<group>"; };
		394A273E2B1CE2F5008DBFB1 /* InternetStationView.swift */ = {isa = PBXFileReference; fileEncoding = 4; lastKnownFileType = sourcecode.swift; path = InternetStationView.swift; sourceTree = "<group>"; };
		394A27402B1CE2FA008DBFB1 /* MainWindow.swift */ = {isa = PBXFileReference; fileEncoding = 4; lastKnownFileType = sourcecode.swift; path = MainWindow.swift; sourceTree = "<group>"; };
		394A27422B1CE2FF008DBFB1 /* RowViews.swift */ = {isa = PBXFileReference; fileEncoding = 4; lastKnownFileType = sourcecode.swift; path = RowViews.swift; sourceTree = "<group>"; };
		394A27442B1CE304008DBFB1 /* SidebarView.swift */ = {isa = PBXFileReference; fileEncoding = 4; lastKnownFileType = sourcecode.swift; path = SidebarView.swift; sourceTree = "<group>"; };
		394A27462B1CE309008DBFB1 /* Toolbar.swift */ = {isa = PBXFileReference; fileEncoding = 4; lastKnownFileType = sourcecode.swift; path = Toolbar.swift; sourceTree = "<group>"; };
		394ABCA62A9BBD4E00E2B6E9 /* RadioBrowserTags.swift */ = {isa = PBXFileReference; lastKnownFileType = sourcecode.swift; path = RadioBrowserTags.swift; sourceTree = "<group>"; };
		394ABCA82A9CA1F800E2B6E9 /* RadioBrowser.swift */ = {isa = PBXFileReference; lastKnownFileType = sourcecode.swift; path = RadioBrowser.swift; sourceTree = "<group>"; };
		394ABCAA2A9CA25500E2B6E9 /* RadioBrowserStations.swift */ = {isa = PBXFileReference; lastKnownFileType = sourcecode.swift; path = RadioBrowserStations.swift; sourceTree = "<group>"; };
		394F8A3828739339005EA7FA /* Radiola.app */ = {isa = PBXFileReference; explicitFileType = wrapper.application; includeInIndex = 0; path = Radiola.app; sourceTree = BUILT_PRODUCTS_DIR; };
		394F8A3B28739339005EA7FA /* AppDelegate.swift */ = {isa = PBXFileReference; lastKnownFileType = sourcecode.swift; path = AppDelegate.swift; sourceTree = "<group>"; };
		394F8A3E28739339005EA7FA /* Radiola.xcdatamodel */ = {isa = PBXFileReference; lastKnownFileType = wrapper.xcdatamodel; path = Radiola.xcdatamodel; sourceTree = "<group>"; };
		394F8A402873933A005EA7FA /* Assets.xcassets */ = {isa = PBXFileReference; lastKnownFileType = folder.assetcatalog; path = Assets.xcassets; sourceTree = "<group>"; };
		394F8A432873933A005EA7FA /* Base */ = {isa = PBXFileReference; lastKnownFileType = file.xib; name = Base; path = Base.lproj/MainMenu.xib; sourceTree = "<group>"; };
		394F8A452873933A005EA7FA /* Radiola.entitlements */ = {isa = PBXFileReference; lastKnownFileType = text.plist.entitlements; path = Radiola.entitlements; sourceTree = "<group>"; };
		394F8A56287394F1005EA7FA /* Notifications.swift */ = {isa = PBXFileReference; fileEncoding = 4; lastKnownFileType = sourcecode.swift; path = Notifications.swift; sourceTree = "<group>"; };
		394F8A58287394FD005EA7FA /* Player.swift */ = {isa = PBXFileReference; fileEncoding = 4; lastKnownFileType = sourcecode.swift; path = Player.swift; sourceTree = "<group>"; };
		394F8A6C2873A2FE005EA7FA /* Info.plist */ = {isa = PBXFileReference; lastKnownFileType = text.plist; path = Info.plist; sourceTree = "<group>"; };
		396704682943AD2700012FFD /* AudioDevice.swift */ = {isa = PBXFileReference; lastKnownFileType = sourcecode.swift; path = AudioDevice.swift; sourceTree = "<group>"; };
		39D79E622933BEAB00210D94 /* Settings.swift */ = {isa = PBXFileReference; lastKnownFileType = sourcecode.swift; path = Settings.swift; sourceTree = "<group>"; };
		39E70DE52AD9E1CA00BF3059 /* RadioBrowserServer.swift */ = {isa = PBXFileReference; lastKnownFileType = sourcecode.swift; path = RadioBrowserServer.swift; sourceTree = "<group>"; };
		39E8DFD62890839500082467 /* Updater.swift */ = {isa = PBXFileReference; lastKnownFileType = sourcecode.swift; path = Updater.swift; sourceTree = "<group>"; };
		39F08E452A0CC582006B65D0 /* Types.swift */ = {isa = PBXFileReference; lastKnownFileType = sourcecode.swift; path = Types.swift; sourceTree = "<group>"; };
/* End PBXFileReference section */

/* Begin PBXFrameworksBuildPhase section */
		394F8A3528739339005EA7FA /* Frameworks */ = {
			isa = PBXFrameworksBuildPhase;
			buildActionMask = 2147483647;
			files = (
				39E8DFD5288F316A00082467 /* Sparkle in Frameworks */,
			);
			runOnlyForDeploymentPostprocessing = 0;
		};
/* End PBXFrameworksBuildPhase section */

/* Begin PBXGroup section */
		394A272F2B1CE0D8008DBFB1 /* Controls */ = {
			isa = PBXGroup;
			children = (
				394A27302B1CE114008DBFB1 /* SearchView.swift */,
			);
			path = Controls;
			sourceTree = "<group>";
		};
		394A27382B1CE174008DBFB1 /* Stations */ = {
			isa = PBXGroup;
			children = (
				394A273B2B1CE19B008DBFB1 /* Stations.swift */,
				394A27392B1CE197008DBFB1 /* RadioBrowserProvider.swift */,
			);
			path = Stations;
			sourceTree = "<group>";
		};
		394A273D2B1CE2D8008DBFB1 /* MainWindow */ = {
			isa = PBXGroup;
			children = (
				394A27462B1CE309008DBFB1 /* Toolbar.swift */,
				394A27442B1CE304008DBFB1 /* SidebarView.swift */,
				394A27422B1CE2FF008DBFB1 /* RowViews.swift */,
				394A27402B1CE2FA008DBFB1 /* MainWindow.swift */,
				394A273E2B1CE2F5008DBFB1 /* InternetStationView.swift */,
			);
			path = MainWindow;
			sourceTree = "<group>";
		};
		394ABCA52A9BBD1800E2B6E9 /* RadioBrowser */ = {
			isa = PBXGroup;
			children = (
				394ABCA82A9CA1F800E2B6E9 /* RadioBrowser.swift */,
				39E70DE52AD9E1CA00BF3059 /* RadioBrowserServer.swift */,
				394ABCAA2A9CA25500E2B6E9 /* RadioBrowserStations.swift */,
				394ABCA62A9BBD4E00E2B6E9 /* RadioBrowserTags.swift */,
			);
			path = RadioBrowser;
			sourceTree = "<group>";
		};
		394F8A2F28739339005EA7FA = {
			isa = PBXGroup;
			children = (
				394F8A3A28739339005EA7FA /* Radiola */,
				394F8A3928739339005EA7FA /* Products */,
			);
			sourceTree = "<group>";
		};
		394F8A3928739339005EA7FA /* Products */ = {
			isa = PBXGroup;
			children = (
				394F8A3828739339005EA7FA /* Radiola.app */,
			);
			name = Products;
			sourceTree = "<group>";
		};
		394F8A3A28739339005EA7FA /* Radiola */ = {
			isa = PBXGroup;
			children = (
				394A27382B1CE174008DBFB1 /* Stations */,
				394A273D2B1CE2D8008DBFB1 /* MainWindow */,
				394A272F2B1CE0D8008DBFB1 /* Controls */,
				394A27362B1CE16E008DBFB1 /* RadiolaApp.swift */,
				394A27322B1CE131008DBFB1 /* AppState.swift */,
				394F8A3B28739339005EA7FA /* AppDelegate.swift */,
				39F08E452A0CC582006B65D0 /* Types.swift */,
				392C469A2A6C21BD0095DDA2 /* MediaKeysController.swift */,
				394F8A58287394FD005EA7FA /* Player.swift */,
				396704682943AD2700012FFD /* AudioDevice.swift */,
				394F8A56287394F1005EA7FA /* Notifications.swift */,
				39D79E622933BEAB00210D94 /* Settings.swift */,
				39E8DFD62890839500082467 /* Updater.swift */,
				394F8A422873933A005EA7FA /* MainMenu.xib */,
				394F8A402873933A005EA7FA /* Assets.xcassets */,
				394F8A6C2873A2FE005EA7FA /* Info.plist */,
				394F8A452873933A005EA7FA /* Radiola.entitlements */,
				394F8A3D28739339005EA7FA /* Radiola.xcdatamodeld */,
				394ABCA52A9BBD1800E2B6E9 /* RadioBrowser */,
			);
			path = Radiola;
			sourceTree = "<group>";
		};
/* End PBXGroup section */

/* Begin PBXNativeTarget section */
		394F8A3728739339005EA7FA /* Radiola */ = {
			isa = PBXNativeTarget;
			buildConfigurationList = 394F8A482873933A005EA7FA /* Build configuration list for PBXNativeTarget "Radiola" */;
			buildPhases = (
				394F8A3428739339005EA7FA /* Sources */,
				394F8A3528739339005EA7FA /* Frameworks */,
				394F8A3628739339005EA7FA /* Resources */,
			);
			buildRules = (
			);
			dependencies = (
			);
			name = Radiola;
			packageProductDependencies = (
				39E8DFD4288F316A00082467 /* Sparkle */,
			);
			productName = Radiola;
			productReference = 394F8A3828739339005EA7FA /* Radiola.app */;
			productType = "com.apple.product-type.application";
		};
/* End PBXNativeTarget section */

/* Begin PBXProject section */
		394F8A3028739339005EA7FA /* Project object */ = {
			isa = PBXProject;
			attributes = {
				LastSwiftUpdateCheck = 1320;
				LastUpgradeCheck = 1410;
				TargetAttributes = {
					394F8A3728739339005EA7FA = {
						CreatedOnToolsVersion = 13.2.1;
					};
				};
			};
			buildConfigurationList = 394F8A3328739339005EA7FA /* Build configuration list for PBXProject "Radiola" */;
			compatibilityVersion = "Xcode 9.3";
			developmentRegion = en;
			hasScannedForEncodings = 0;
			knownRegions = (
				en,
				Base,
			);
			mainGroup = 394F8A2F28739339005EA7FA;
			packageReferences = (
				39E8DFD3288F316A00082467 /* XCRemoteSwiftPackageReference "Sparkle" */,
			);
			productRefGroup = 394F8A3928739339005EA7FA /* Products */;
			projectDirPath = "";
			projectRoot = "";
			targets = (
				394F8A3728739339005EA7FA /* Radiola */,
			);
		};
/* End PBXProject section */

/* Begin PBXResourcesBuildPhase section */
		394F8A3628739339005EA7FA /* Resources */ = {
			isa = PBXResourcesBuildPhase;
			buildActionMask = 2147483647;
			files = (
				394F8A412873933A005EA7FA /* Assets.xcassets in Resources */,
				394F8A442873933A005EA7FA /* MainMenu.xib in Resources */,
			);
			runOnlyForDeploymentPostprocessing = 0;
		};
/* End PBXResourcesBuildPhase section */

/* Begin PBXSourcesBuildPhase section */
		394F8A3428739339005EA7FA /* Sources */ = {
			isa = PBXSourcesBuildPhase;
			buildActionMask = 2147483647;
			files = (
				392C469B2A6C21BD0095DDA2 /* MediaKeysController.swift in Sources */,
				394ABCAB2A9CA25500E2B6E9 /* RadioBrowserStations.swift in Sources */,
				396704692943AD2700012FFD /* AudioDevice.swift in Sources */,
				394A273C2B1CE19B008DBFB1 /* Stations.swift in Sources */,
				394A27372B1CE16E008DBFB1 /* RadiolaApp.swift in Sources */,
				394F8A57287394F1005EA7FA /* Notifications.swift in Sources */,
				39E70DE62AD9E1CA00BF3059 /* RadioBrowserServer.swift in Sources */,
				394A27452B1CE304008DBFB1 /* SidebarView.swift in Sources */,
				394A273A2B1CE197008DBFB1 /* RadioBrowserProvider.swift in Sources */,
				394F8A3F28739339005EA7FA /* Radiola.xcdatamodeld in Sources */,
				394A27332B1CE131008DBFB1 /* AppState.swift in Sources */,
				394A27432B1CE2FF008DBFB1 /* RowViews.swift in Sources */,
				394F8A59287394FD005EA7FA /* Player.swift in Sources */,
				394A273F2B1CE2F5008DBFB1 /* InternetStationView.swift in Sources */,
				394A27412B1CE2FA008DBFB1 /* MainWindow.swift in Sources */,
				394A27472B1CE309008DBFB1 /* Toolbar.swift in Sources */,
				394ABCA72A9BBD4E00E2B6E9 /* RadioBrowserTags.swift in Sources */,
				39F08E462A0CC582006B65D0 /* Types.swift in Sources */,
				394ABCA92A9CA1F800E2B6E9 /* RadioBrowser.swift in Sources */,
				394A27312B1CE114008DBFB1 /* SearchView.swift in Sources */,
				39D79E632933BEAB00210D94 /* Settings.swift in Sources */,
				394F8A3C28739339005EA7FA /* AppDelegate.swift in Sources */,
				39E8DFD72890839500082467 /* Updater.swift in Sources */,
			);
			runOnlyForDeploymentPostprocessing = 0;
		};
/* End PBXSourcesBuildPhase section */

/* Begin PBXVariantGroup section */
		394F8A422873933A005EA7FA /* MainMenu.xib */ = {
			isa = PBXVariantGroup;
			children = (
				394F8A432873933A005EA7FA /* Base */,
			);
			name = MainMenu.xib;
			sourceTree = "<group>";
		};
/* End PBXVariantGroup section */

/* Begin XCBuildConfiguration section */
		394F8A462873933A005EA7FA /* Debug */ = {
			isa = XCBuildConfiguration;
			buildSettings = {
				ALWAYS_SEARCH_USER_PATHS = NO;
				CLANG_ANALYZER_NONNULL = YES;
				CLANG_ANALYZER_NUMBER_OBJECT_CONVERSION = YES_AGGRESSIVE;
				CLANG_CXX_LANGUAGE_STANDARD = "gnu++17";
				CLANG_CXX_LIBRARY = "libc++";
				CLANG_ENABLE_MODULES = YES;
				CLANG_ENABLE_OBJC_ARC = YES;
				CLANG_ENABLE_OBJC_WEAK = YES;
				CLANG_WARN_BLOCK_CAPTURE_AUTORELEASING = YES;
				CLANG_WARN_BOOL_CONVERSION = YES;
				CLANG_WARN_COMMA = YES;
				CLANG_WARN_CONSTANT_CONVERSION = YES;
				CLANG_WARN_DEPRECATED_OBJC_IMPLEMENTATIONS = YES;
				CLANG_WARN_DIRECT_OBJC_ISA_USAGE = YES_ERROR;
				CLANG_WARN_DOCUMENTATION_COMMENTS = YES;
				CLANG_WARN_EMPTY_BODY = YES;
				CLANG_WARN_ENUM_CONVERSION = YES;
				CLANG_WARN_INFINITE_RECURSION = YES;
				CLANG_WARN_INT_CONVERSION = YES;
				CLANG_WARN_NON_LITERAL_NULL_CONVERSION = YES;
				CLANG_WARN_OBJC_IMPLICIT_RETAIN_SELF = YES;
				CLANG_WARN_OBJC_LITERAL_CONVERSION = YES;
				CLANG_WARN_OBJC_ROOT_CLASS = YES_ERROR;
				CLANG_WARN_QUOTED_INCLUDE_IN_FRAMEWORK_HEADER = YES;
				CLANG_WARN_RANGE_LOOP_ANALYSIS = YES;
				CLANG_WARN_STRICT_PROTOTYPES = YES;
				CLANG_WARN_SUSPICIOUS_MOVE = YES;
				CLANG_WARN_UNGUARDED_AVAILABILITY = YES_AGGRESSIVE;
				CLANG_WARN_UNREACHABLE_CODE = YES;
				CLANG_WARN__DUPLICATE_METHOD_MATCH = YES;
				COPY_PHASE_STRIP = NO;
				DEAD_CODE_STRIPPING = YES;
				DEBUG_INFORMATION_FORMAT = dwarf;
				ENABLE_STRICT_OBJC_MSGSEND = YES;
				ENABLE_TESTABILITY = YES;
				GCC_C_LANGUAGE_STANDARD = gnu11;
				GCC_DYNAMIC_NO_PIC = NO;
				GCC_NO_COMMON_BLOCKS = YES;
				GCC_OPTIMIZATION_LEVEL = 0;
				GCC_PREPROCESSOR_DEFINITIONS = (
					"DEBUG=1",
					"$(inherited)",
				);
				GCC_WARN_64_TO_32_BIT_CONVERSION = YES;
				GCC_WARN_ABOUT_RETURN_TYPE = YES_ERROR;
				GCC_WARN_UNDECLARED_SELECTOR = YES;
				GCC_WARN_UNINITIALIZED_AUTOS = YES_AGGRESSIVE;
				GCC_WARN_UNUSED_FUNCTION = YES;
				GCC_WARN_UNUSED_VARIABLE = YES;
				MACOSX_DEPLOYMENT_TARGET = 11.0;
				MTL_ENABLE_DEBUG_INFO = INCLUDE_SOURCE;
				MTL_FAST_MATH = YES;
				ONLY_ACTIVE_ARCH = YES;
				SDKROOT = macosx;
				SWIFT_ACTIVE_COMPILATION_CONDITIONS = DEBUG;
				SWIFT_OPTIMIZATION_LEVEL = "-Onone";
			};
			name = Debug;
		};
		394F8A472873933A005EA7FA /* Release */ = {
			isa = XCBuildConfiguration;
			buildSettings = {
				ALWAYS_SEARCH_USER_PATHS = NO;
				CLANG_ANALYZER_NONNULL = YES;
				CLANG_ANALYZER_NUMBER_OBJECT_CONVERSION = YES_AGGRESSIVE;
				CLANG_CXX_LANGUAGE_STANDARD = "gnu++17";
				CLANG_CXX_LIBRARY = "libc++";
				CLANG_ENABLE_MODULES = YES;
				CLANG_ENABLE_OBJC_ARC = YES;
				CLANG_ENABLE_OBJC_WEAK = YES;
				CLANG_WARN_BLOCK_CAPTURE_AUTORELEASING = YES;
				CLANG_WARN_BOOL_CONVERSION = YES;
				CLANG_WARN_COMMA = YES;
				CLANG_WARN_CONSTANT_CONVERSION = YES;
				CLANG_WARN_DEPRECATED_OBJC_IMPLEMENTATIONS = YES;
				CLANG_WARN_DIRECT_OBJC_ISA_USAGE = YES_ERROR;
				CLANG_WARN_DOCUMENTATION_COMMENTS = YES;
				CLANG_WARN_EMPTY_BODY = YES;
				CLANG_WARN_ENUM_CONVERSION = YES;
				CLANG_WARN_INFINITE_RECURSION = YES;
				CLANG_WARN_INT_CONVERSION = YES;
				CLANG_WARN_NON_LITERAL_NULL_CONVERSION = YES;
				CLANG_WARN_OBJC_IMPLICIT_RETAIN_SELF = YES;
				CLANG_WARN_OBJC_LITERAL_CONVERSION = YES;
				CLANG_WARN_OBJC_ROOT_CLASS = YES_ERROR;
				CLANG_WARN_QUOTED_INCLUDE_IN_FRAMEWORK_HEADER = YES;
				CLANG_WARN_RANGE_LOOP_ANALYSIS = YES;
				CLANG_WARN_STRICT_PROTOTYPES = YES;
				CLANG_WARN_SUSPICIOUS_MOVE = YES;
				CLANG_WARN_UNGUARDED_AVAILABILITY = YES_AGGRESSIVE;
				CLANG_WARN_UNREACHABLE_CODE = YES;
				CLANG_WARN__DUPLICATE_METHOD_MATCH = YES;
				COPY_PHASE_STRIP = NO;
				DEAD_CODE_STRIPPING = YES;
				DEBUG_INFORMATION_FORMAT = "dwarf-with-dsym";
				ENABLE_NS_ASSERTIONS = NO;
				ENABLE_STRICT_OBJC_MSGSEND = YES;
				GCC_C_LANGUAGE_STANDARD = gnu11;
				GCC_NO_COMMON_BLOCKS = YES;
				GCC_WARN_64_TO_32_BIT_CONVERSION = YES;
				GCC_WARN_ABOUT_RETURN_TYPE = YES_ERROR;
				GCC_WARN_UNDECLARED_SELECTOR = YES;
				GCC_WARN_UNINITIALIZED_AUTOS = YES_AGGRESSIVE;
				GCC_WARN_UNUSED_FUNCTION = YES;
				GCC_WARN_UNUSED_VARIABLE = YES;
				MACOSX_DEPLOYMENT_TARGET = 11.0;
				MTL_ENABLE_DEBUG_INFO = NO;
				MTL_FAST_MATH = YES;
				SDKROOT = macosx;
				SWIFT_COMPILATION_MODE = wholemodule;
				SWIFT_OPTIMIZATION_LEVEL = "-O";
			};
			name = Release;
		};
		394F8A492873933A005EA7FA /* Debug */ = {
			isa = XCBuildConfiguration;
			buildSettings = {
				ASSETCATALOG_COMPILER_APPICON_NAME = AppIcon;
				ASSETCATALOG_COMPILER_GLOBAL_ACCENT_COLOR_NAME = AccentColor;
				ASSETCATALOG_COMPILER_INCLUDE_ALL_APPICON_ASSETS = NO;
				CODE_SIGN_ENTITLEMENTS = Radiola/Radiola.entitlements;
				CODE_SIGN_IDENTITY = "Apple Development";
				CODE_SIGN_STYLE = Automatic;
				COMBINE_HIDPI_IMAGES = YES;
				CURRENT_PROJECT_VERSION = 5.99.1;
				DEAD_CODE_STRIPPING = YES;
				DEVELOPMENT_TEAM = 635H9TYSZJ;
				ENABLE_HARDENED_RUNTIME = YES;
				GENERATE_INFOPLIST_FILE = YES;
				INFOPLIST_FILE = Radiola/Info.plist;
				INFOPLIST_KEY_LSApplicationCategoryType = "public.app-category.music";
				INFOPLIST_KEY_LSBackgroundOnly = NO;
				INFOPLIST_KEY_NSHumanReadableCopyright = "Copyright © 2020 Alex Sokolov. All rights reserved.";
				LD_RUNPATH_SEARCH_PATHS = (
					"$(inherited)",
					"@executable_path/../Frameworks",
				);
				MACOSX_DEPLOYMENT_TARGET = 12.0;
				PRODUCT_BUNDLE_IDENTIFIER = com.github.SokoloffA.Radiola;
				PRODUCT_NAME = "$(TARGET_NAME)";
				SWIFT_EMIT_LOC_STRINGS = YES;
				SWIFT_VERSION = 5.0;
			};
			name = Debug;
		};
		394F8A4A2873933A005EA7FA /* Release */ = {
			isa = XCBuildConfiguration;
			buildSettings = {
				ASSETCATALOG_COMPILER_APPICON_NAME = AppIcon;
				ASSETCATALOG_COMPILER_GLOBAL_ACCENT_COLOR_NAME = AccentColor;
				ASSETCATALOG_COMPILER_INCLUDE_ALL_APPICON_ASSETS = NO;
				CODE_SIGN_ENTITLEMENTS = Radiola/Radiola.entitlements;
				CODE_SIGN_IDENTITY = "Apple Development";
				CODE_SIGN_STYLE = Automatic;
				COMBINE_HIDPI_IMAGES = YES;
				CURRENT_PROJECT_VERSION = 5.99.1;
				DEAD_CODE_STRIPPING = YES;
				DEVELOPMENT_TEAM = 635H9TYSZJ;
				ENABLE_HARDENED_RUNTIME = YES;
				GENERATE_INFOPLIST_FILE = YES;
				INFOPLIST_FILE = Radiola/Info.plist;
				INFOPLIST_KEY_LSApplicationCategoryType = "public.app-category.music";
				INFOPLIST_KEY_LSBackgroundOnly = NO;
				INFOPLIST_KEY_NSHumanReadableCopyright = "Copyright © 2020 Alex Sokolov. All rights reserved.";
				LD_RUNPATH_SEARCH_PATHS = (
					"$(inherited)",
					"@executable_path/../Frameworks",
				);
				MACOSX_DEPLOYMENT_TARGET = 12.0;
				PRODUCT_BUNDLE_IDENTIFIER = com.github.SokoloffA.Radiola;
				PRODUCT_NAME = "$(TARGET_NAME)";
				SWIFT_EMIT_LOC_STRINGS = YES;
				SWIFT_VERSION = 5.0;
			};
			name = Release;
		};
/* End XCBuildConfiguration section */

/* Begin XCConfigurationList section */
		394F8A3328739339005EA7FA /* Build configuration list for PBXProject "Radiola" */ = {
			isa = XCConfigurationList;
			buildConfigurations = (
				394F8A462873933A005EA7FA /* Debug */,
				394F8A472873933A005EA7FA /* Release */,
			);
			defaultConfigurationIsVisible = 0;
			defaultConfigurationName = Release;
		};
		394F8A482873933A005EA7FA /* Build configuration list for PBXNativeTarget "Radiola" */ = {
			isa = XCConfigurationList;
			buildConfigurations = (
				394F8A492873933A005EA7FA /* Debug */,
				394F8A4A2873933A005EA7FA /* Release */,
			);
			defaultConfigurationIsVisible = 0;
			defaultConfigurationName = Release;
		};
/* End XCConfigurationList section */

/* Begin XCRemoteSwiftPackageReference section */
		39E8DFD3288F316A00082467 /* XCRemoteSwiftPackageReference "Sparkle" */ = {
			isa = XCRemoteSwiftPackageReference;
			repositoryURL = "https://github.com/sparkle-project/Sparkle";
			requirement = {
				branch = 2.x;
				kind = branch;
			};
		};
/* End XCRemoteSwiftPackageReference section */

/* Begin XCSwiftPackageProductDependency section */
		39E8DFD4288F316A00082467 /* Sparkle */ = {
			isa = XCSwiftPackageProductDependency;
			package = 39E8DFD3288F316A00082467 /* XCRemoteSwiftPackageReference "Sparkle" */;
			productName = Sparkle;
		};
/* End XCSwiftPackageProductDependency section */

/* Begin XCVersionGroup section */
		394F8A3D28739339005EA7FA /* Radiola.xcdatamodeld */ = {
			isa = XCVersionGroup;
			children = (
				394F8A3E28739339005EA7FA /* Radiola.xcdatamodel */,
			);
			currentVersion = 394F8A3E28739339005EA7FA /* Radiola.xcdatamodel */;
			path = Radiola.xcdatamodeld;
			sourceTree = "<group>";
			versionGroupType = wrapper.xcdatamodel;
		};
/* End XCVersionGroup section */
	};
	rootObject = 394F8A3028739339005EA7FA /* Project object */;
}
